
Microsoft Visual Studio Solution File, Format Version 12.00
# Visual Studio Version 16
VisualStudioVersion = 16.0.29920.165
MinimumVisualStudioVersion = 10.0.40219.1
Project("{FAE04EC0-301F-11D3-BF4B-00C04F79EFBC}") = "StackT", "StackT\StackT.csproj", "{02496EBB-C410-4D0B-A42B-3B72C1661DEF}"
EndProject
Global
	GlobalSection(SolutionConfigurationPlatforms) = preSolution
		Debug|Any CPU = Debug|Any CPU
		Release|Any CPU = Release|Any CPU
	EndGlobalSection
	GlobalSection(ProjectConfigurationPlatforms) = postSolution
		{02496EBB-C410-4D0B-A42B-3B72C1661DEF}.Debug|Any CPU.ActiveCfg = Debug|Any CPU
		{02496EBB-C410-4D0B-A42B-3B72C1661DEF}.Debug|Any CPU.Build.0 = Debug|Any CPU
		{02496EBB-C410-4D0B-A42B-3B72C1661DEF}.Release|Any CPU.ActiveCfg = Release|Any CPU
		{02496EBB-C410-4D0B-A42B-3B72C1661DEF}.Release|Any CPU.Build.0 = Release|Any CPU
	EndGlobalSection
	GlobalSection(SolutionProperties) = preSolution
		HideSolutionNode = FALSE
	EndGlobalSection
	GlobalSection(ExtensibilityGlobals) = postSolution
		SolutionGuid = {FE69FC48-4204-4960-81D0-61543537902B}
	EndGlobalSection
EndGlobal
